
Microsoft Visual Studio Solution File, Format Version 12.00
# Visual Studio 14
VisualStudioVersion = 14.0.25420.1
MinimumVisualStudioVersion = 10.0.40219.1
Project("{FAE04EC0-301F-11D3-BF4B-00C04F79EFBC}") = "Emergy.XamarinApp", "Emergy.XamarinApp\Emergy.XamarinApp\Emergy.XamarinApp.csproj", "{2034A654-79AA-4726-8AE0-C3C16318433E}"
EndProject
Project("{FAE04EC0-301F-11D3-BF4B-00C04F79EFBC}") = "Emergy.XamarinApp.Droid", "Emergy.XamarinApp\Emergy.XamarinApp.Droid\Emergy.XamarinApp.Droid.csproj", "{F6087028-B350-4505-A134-6542C9654A34}"
EndProject
Project("{FAE04EC0-301F-11D3-BF4B-00C04F79EFBC}") = "Emergy.XamarinApp.iOS", "Emergy.XamarinApp\Emergy.XamarinApp.iOS\Emergy.XamarinApp.iOS.csproj", "{8C3352B2-1D37-4AE3-8C4A-894698B8E490}"
EndProject
Project("{FAE04EC0-301F-11D3-BF4B-00C04F79EFBC}") = "Emergy.XamarinApp.WinPhone", "Emergy.XamarinApp\Emergy.XamarinApp.WinPhone\Emergy.XamarinApp.WinPhone.csproj", "{052DF343-C3FB-473D-8E2B-1F9BDB783CAF}"
EndProject
Project("{FAE04EC0-301F-11D3-BF4B-00C04F79EFBC}") = "Emergy.XamarinApp.Windows", "Emergy.XamarinApp\Emergy.XamarinApp.Windows\Emergy.XamarinApp.Windows.csproj", "{CEF75396-14EC-4F52-98A8-5875F2901FE0}"
EndProject
Project("{FAE04EC0-301F-11D3-BF4B-00C04F79EFBC}") = "EmergyService", "EmergyService\EmergyService.csproj", "{209FA716-A7AD-4095-BD70-C8710FC66FA7}"
EndProject
Project("{FAE04EC0-301F-11D3-BF4B-00C04F79EFBC}") = "Emergy.Service.WPF", "Emergy.Service.WPF\Emergy.Service.WPF.csproj", "{630287A7-0DFE-43EC-9F36-8F30BF21F290}"
EndProject
Project("{FAE04EC0-301F-11D3-BF4B-00C04F79EFBC}") = "ActivityTracker", "ActivityTracker\ActivityTracker\ActivityTracker.csproj", "{E1DF8AE2-4287-4A39-97AA-522B7F5EAFEF}"
EndProject
Project("{FAE04EC0-301F-11D3-BF4B-00C04F79EFBC}") = "ActivityTracker.Droid", "ActivityTracker\ActivityTracker.Droid\ActivityTracker.Droid.csproj", "{5DDA7FCB-2385-4BF4-A23D-28EC22FE35C6}"
EndProject
Project("{FAE04EC0-301F-11D3-BF4B-00C04F79EFBC}") = "ActivityTracker.iOS", "ActivityTracker\ActivityTracker.iOS\ActivityTracker.iOS.csproj", "{1D1A0681-72B1-477D-A409-04870605810A}"
EndProject
Project("{FAE04EC0-301F-11D3-BF4B-00C04F79EFBC}") = "ActivityTracker.WinPhone", "ActivityTracker\ActivityTracker.WinPhone\ActivityTracker.WinPhone.csproj", "{D019B73D-E994-4609-B489-C104E8C3F97C}"
EndProject
Project("{FAE04EC0-301F-11D3-BF4B-00C04F79EFBC}") = "ActivityTracker.Windows", "ActivityTracker\ActivityTracker.Windows\ActivityTracker.Windows.csproj", "{123C797F-33AF-49C5-BE69-C46C58BBAD63}"
EndProject
Global
	GlobalSection(SolutionConfigurationPlatforms) = preSolution
		Ad-Hoc|Any CPU = Ad-Hoc|Any CPU
		Ad-Hoc|ARM = Ad-Hoc|ARM
		Ad-Hoc|iPhone = Ad-Hoc|iPhone
		Ad-Hoc|iPhoneSimulator = Ad-Hoc|iPhoneSimulator
		Ad-Hoc|x64 = Ad-Hoc|x64
		Ad-Hoc|x86 = Ad-Hoc|x86
		AppStore|Any CPU = AppStore|Any CPU
		AppStore|ARM = AppStore|ARM
		AppStore|iPhone = AppStore|iPhone
		AppStore|iPhoneSimulator = AppStore|iPhoneSimulator
		AppStore|x64 = AppStore|x64
		AppStore|x86 = AppStore|x86
		Debug|Any CPU = Debug|Any CPU
		Debug|ARM = Debug|ARM
		Debug|iPhone = Debug|iPhone
		Debug|iPhoneSimulator = Debug|iPhoneSimulator
		Debug|x64 = Debug|x64
		Debug|x86 = Debug|x86
		Release|Any CPU = Release|Any CPU
		Release|ARM = Release|ARM
		Release|iPhone = Release|iPhone
		Release|iPhoneSimulator = Release|iPhoneSimulator
		Release|x64 = Release|x64
		Release|x86 = Release|x86
	EndGlobalSection
	GlobalSection(ProjectConfigurationPlatforms) = postSolution
		{2034A654-79AA-4726-8AE0-C3C16318433E}.Ad-Hoc|Any CPU.ActiveCfg = Release|Any CPU
		{2034A654-79AA-4726-8AE0-C3C16318433E}.Ad-Hoc|Any CPU.Build.0 = Release|Any CPU
		{2034A654-79AA-4726-8AE0-C3C16318433E}.Ad-Hoc|ARM.ActiveCfg = Release|Any CPU
		{2034A654-79AA-4726-8AE0-C3C16318433E}.Ad-Hoc|ARM.Build.0 = Release|Any CPU
		{2034A654-79AA-4726-8AE0-C3C16318433E}.Ad-Hoc|iPhone.ActiveCfg = Release|Any CPU
		{2034A654-79AA-4726-8AE0-C3C16318433E}.Ad-Hoc|iPhone.Build.0 = Release|Any CPU
		{2034A654-79AA-4726-8AE0-C3C16318433E}.Ad-Hoc|iPhoneSimulator.ActiveCfg = Release|Any CPU
		{2034A654-79AA-4726-8AE0-C3C16318433E}.Ad-Hoc|iPhoneSimulator.Build.0 = Release|Any CPU
		{2034A654-79AA-4726-8AE0-C3C16318433E}.Ad-Hoc|x64.ActiveCfg = Release|Any CPU
		{2034A654-79AA-4726-8AE0-C3C16318433E}.Ad-Hoc|x64.Build.0 = Release|Any CPU
		{2034A654-79AA-4726-8AE0-C3C16318433E}.Ad-Hoc|x86.ActiveCfg = Release|Any CPU
		{2034A654-79AA-4726-8AE0-C3C16318433E}.Ad-Hoc|x86.Build.0 = Release|Any CPU
		{2034A654-79AA-4726-8AE0-C3C16318433E}.AppStore|Any CPU.ActiveCfg = Release|Any CPU
		{2034A654-79AA-4726-8AE0-C3C16318433E}.AppStore|Any CPU.Build.0 = Release|Any CPU
		{2034A654-79AA-4726-8AE0-C3C16318433E}.AppStore|ARM.ActiveCfg = Release|Any CPU
		{2034A654-79AA-4726-8AE0-C3C16318433E}.AppStore|ARM.Build.0 = Release|Any CPU
		{2034A654-79AA-4726-8AE0-C3C16318433E}.AppStore|iPhone.ActiveCfg = Release|Any CPU
		{2034A654-79AA-4726-8AE0-C3C16318433E}.AppStore|iPhone.Build.0 = Release|Any CPU
		{2034A654-79AA-4726-8AE0-C3C16318433E}.AppStore|iPhoneSimulator.ActiveCfg = Release|Any CPU
		{2034A654-79AA-4726-8AE0-C3C16318433E}.AppStore|iPhoneSimulator.Build.0 = Release|Any CPU
		{2034A654-79AA-4726-8AE0-C3C16318433E}.AppStore|x64.ActiveCfg = Release|Any CPU
		{2034A654-79AA-4726-8AE0-C3C16318433E}.AppStore|x64.Build.0 = Release|Any CPU
		{2034A654-79AA-4726-8AE0-C3C16318433E}.AppStore|x86.ActiveCfg = Release|Any CPU
		{2034A654-79AA-4726-8AE0-C3C16318433E}.AppStore|x86.Build.0 = Release|Any CPU
		{2034A654-79AA-4726-8AE0-C3C16318433E}.Debug|Any CPU.ActiveCfg = Debug|Any CPU
		{2034A654-79AA-4726-8AE0-C3C16318433E}.Debug|Any CPU.Build.0 = Debug|Any CPU
		{2034A654-79AA-4726-8AE0-C3C16318433E}.Debug|ARM.ActiveCfg = Debug|Any CPU
		{2034A654-79AA-4726-8AE0-C3C16318433E}.Debug|ARM.Build.0 = Debug|Any CPU
		{2034A654-79AA-4726-8AE0-C3C16318433E}.Debug|iPhone.ActiveCfg = Debug|Any CPU
		{2034A654-79AA-4726-8AE0-C3C16318433E}.Debug|iPhone.Build.0 = Debug|Any CPU
		{2034A654-79AA-4726-8AE0-C3C16318433E}.Debug|iPhoneSimulator.ActiveCfg = Debug|Any CPU
		{2034A654-79AA-4726-8AE0-C3C16318433E}.Debug|iPhoneSimulator.Build.0 = Debug|Any CPU
		{2034A654-79AA-4726-8AE0-C3C16318433E}.Debug|x64.ActiveCfg = Debug|Any CPU
		{2034A654-79AA-4726-8AE0-C3C16318433E}.Debug|x64.Build.0 = Debug|Any CPU
		{2034A654-79AA-4726-8AE0-C3C16318433E}.Debug|x86.ActiveCfg = Debug|Any CPU
		{2034A654-79AA-4726-8AE0-C3C16318433E}.Debug|x86.Build.0 = Debug|Any CPU
		{2034A654-79AA-4726-8AE0-C3C16318433E}.Release|Any CPU.ActiveCfg = Release|Any CPU
		{2034A654-79AA-4726-8AE0-C3C16318433E}.Release|Any CPU.Build.0 = Release|Any CPU
		{2034A654-79AA-4726-8AE0-C3C16318433E}.Release|ARM.ActiveCfg = Release|Any CPU
		{2034A654-79AA-4726-8AE0-C3C16318433E}.Release|ARM.Build.0 = Release|Any CPU
		{2034A654-79AA-4726-8AE0-C3C16318433E}.Release|iPhone.ActiveCfg = Release|Any CPU
		{2034A654-79AA-4726-8AE0-C3C16318433E}.Release|iPhone.Build.0 = Release|Any CPU
		{2034A654-79AA-4726-8AE0-C3C16318433E}.Release|iPhoneSimulator.ActiveCfg = Release|Any CPU
		{2034A654-79AA-4726-8AE0-C3C16318433E}.Release|iPhoneSimulator.Build.0 = Release|Any CPU
		{2034A654-79AA-4726-8AE0-C3C16318433E}.Release|x64.ActiveCfg = Release|Any CPU
		{2034A654-79AA-4726-8AE0-C3C16318433E}.Release|x64.Build.0 = Release|Any CPU
		{2034A654-79AA-4726-8AE0-C3C16318433E}.Release|x86.ActiveCfg = Release|Any CPU
		{2034A654-79AA-4726-8AE0-C3C16318433E}.Release|x86.Build.0 = Release|Any CPU
		{F6087028-B350-4505-A134-6542C9654A34}.Ad-Hoc|Any CPU.ActiveCfg = Release|Any CPU
		{F6087028-B350-4505-A134-6542C9654A34}.Ad-Hoc|Any CPU.Build.0 = Release|Any CPU
		{F6087028-B350-4505-A134-6542C9654A34}.Ad-Hoc|Any CPU.Deploy.0 = Release|Any CPU
		{F6087028-B350-4505-A134-6542C9654A34}.Ad-Hoc|ARM.ActiveCfg = Release|Any CPU
		{F6087028-B350-4505-A134-6542C9654A34}.Ad-Hoc|ARM.Build.0 = Release|Any CPU
		{F6087028-B350-4505-A134-6542C9654A34}.Ad-Hoc|ARM.Deploy.0 = Release|Any CPU
		{F6087028-B350-4505-A134-6542C9654A34}.Ad-Hoc|iPhone.ActiveCfg = Release|Any CPU
		{F6087028-B350-4505-A134-6542C9654A34}.Ad-Hoc|iPhone.Build.0 = Release|Any CPU
		{F6087028-B350-4505-A134-6542C9654A34}.Ad-Hoc|iPhone.Deploy.0 = Release|Any CPU
		{F6087028-B350-4505-A134-6542C9654A34}.Ad-Hoc|iPhoneSimulator.ActiveCfg = Release|Any CPU
		{F6087028-B350-4505-A134-6542C9654A34}.Ad-Hoc|iPhoneSimulator.Build.0 = Release|Any CPU
		{F6087028-B350-4505-A134-6542C9654A34}.Ad-Hoc|iPhoneSimulator.Deploy.0 = Release|Any CPU
		{F6087028-B350-4505-A134-6542C9654A34}.Ad-Hoc|x64.ActiveCfg = Release|Any CPU
		{F6087028-B350-4505-A134-6542C9654A34}.Ad-Hoc|x64.Build.0 = Release|Any CPU
		{F6087028-B350-4505-A134-6542C9654A34}.Ad-Hoc|x64.Deploy.0 = Release|Any CPU
		{F6087028-B350-4505-A134-6542C9654A34}.Ad-Hoc|x86.ActiveCfg = Release|Any CPU
		{F6087028-B350-4505-A134-6542C9654A34}.Ad-Hoc|x86.Build.0 = Release|Any CPU
		{F6087028-B350-4505-A134-6542C9654A34}.Ad-Hoc|x86.Deploy.0 = Release|Any CPU
		{F6087028-B350-4505-A134-6542C9654A34}.AppStore|Any CPU.ActiveCfg = Release|Any CPU
		{F6087028-B350-4505-A134-6542C9654A34}.AppStore|Any CPU.Build.0 = Release|Any CPU
		{F6087028-B350-4505-A134-6542C9654A34}.AppStore|Any CPU.Deploy.0 = Release|Any CPU
		{F6087028-B350-4505-A134-6542C9654A34}.AppStore|ARM.ActiveCfg = Release|Any CPU
		{F6087028-B350-4505-A134-6542C9654A34}.AppStore|ARM.Build.0 = Release|Any CPU
		{F6087028-B350-4505-A134-6542C9654A34}.AppStore|ARM.Deploy.0 = Release|Any CPU
		{F6087028-B350-4505-A134-6542C9654A34}.AppStore|iPhone.ActiveCfg = Release|Any CPU
		{F6087028-B350-4505-A134-6542C9654A34}.AppStore|iPhone.Build.0 = Release|Any CPU
		{F6087028-B350-4505-A134-6542C9654A34}.AppStore|iPhone.Deploy.0 = Release|Any CPU
		{F6087028-B350-4505-A134-6542C9654A34}.AppStore|iPhoneSimulator.ActiveCfg = Release|Any CPU
		{F6087028-B350-4505-A134-6542C9654A34}.AppStore|iPhoneSimulator.Build.0 = Release|Any CPU
		{F6087028-B350-4505-A134-6542C9654A34}.AppStore|iPhoneSimulator.Deploy.0 = Release|Any CPU
		{F6087028-B350-4505-A134-6542C9654A34}.AppStore|x64.ActiveCfg = Release|Any CPU
		{F6087028-B350-4505-A134-6542C9654A34}.AppStore|x64.Build.0 = Release|Any CPU
		{F6087028-B350-4505-A134-6542C9654A34}.AppStore|x64.Deploy.0 = Release|Any CPU
		{F6087028-B350-4505-A134-6542C9654A34}.AppStore|x86.ActiveCfg = Release|Any CPU
		{F6087028-B350-4505-A134-6542C9654A34}.AppStore|x86.Build.0 = Release|Any CPU
		{F6087028-B350-4505-A134-6542C9654A34}.AppStore|x86.Deploy.0 = Release|Any CPU
		{F6087028-B350-4505-A134-6542C9654A34}.Debug|Any CPU.ActiveCfg = Debug|Any CPU
		{F6087028-B350-4505-A134-6542C9654A34}.Debug|Any CPU.Build.0 = Debug|Any CPU
		{F6087028-B350-4505-A134-6542C9654A34}.Debug|Any CPU.Deploy.0 = Debug|Any CPU
		{F6087028-B350-4505-A134-6542C9654A34}.Debug|ARM.ActiveCfg = Debug|Any CPU
		{F6087028-B350-4505-A134-6542C9654A34}.Debug|ARM.Build.0 = Debug|Any CPU
		{F6087028-B350-4505-A134-6542C9654A34}.Debug|ARM.Deploy.0 = Debug|Any CPU
		{F6087028-B350-4505-A134-6542C9654A34}.Debug|iPhone.ActiveCfg = Debug|Any CPU
		{F6087028-B350-4505-A134-6542C9654A34}.Debug|iPhone.Build.0 = Debug|Any CPU
		{F6087028-B350-4505-A134-6542C9654A34}.Debug|iPhone.Deploy.0 = Debug|Any CPU
		{F6087028-B350-4505-A134-6542C9654A34}.Debug|iPhoneSimulator.ActiveCfg = Debug|Any CPU
		{F6087028-B350-4505-A134-6542C9654A34}.Debug|iPhoneSimulator.Build.0 = Debug|Any CPU
		{F6087028-B350-4505-A134-6542C9654A34}.Debug|iPhoneSimulator.Deploy.0 = Debug|Any CPU
		{F6087028-B350-4505-A134-6542C9654A34}.Debug|x64.ActiveCfg = Debug|Any CPU
		{F6087028-B350-4505-A134-6542C9654A34}.Debug|x64.Build.0 = Debug|Any CPU
		{F6087028-B350-4505-A134-6542C9654A34}.Debug|x64.Deploy.0 = Debug|Any CPU
		{F6087028-B350-4505-A134-6542C9654A34}.Debug|x86.ActiveCfg = Debug|Any CPU
		{F6087028-B350-4505-A134-6542C9654A34}.Debug|x86.Build.0 = Debug|Any CPU
		{F6087028-B350-4505-A134-6542C9654A34}.Debug|x86.Deploy.0 = Debug|Any CPU
		{F6087028-B350-4505-A134-6542C9654A34}.Release|Any CPU.ActiveCfg = Release|Any CPU
		{F6087028-B350-4505-A134-6542C9654A34}.Release|Any CPU.Build.0 = Release|Any CPU
		{F6087028-B350-4505-A134-6542C9654A34}.Release|Any CPU.Deploy.0 = Release|Any CPU
		{F6087028-B350-4505-A134-6542C9654A34}.Release|ARM.ActiveCfg = Release|Any CPU
		{F6087028-B350-4505-A134-6542C9654A34}.Release|ARM.Build.0 = Release|Any CPU
		{F6087028-B350-4505-A134-6542C9654A34}.Release|ARM.Deploy.0 = Release|Any CPU
		{F6087028-B350-4505-A134-6542C9654A34}.Release|iPhone.ActiveCfg = Release|Any CPU
		{F6087028-B350-4505-A134-6542C9654A34}.Release|iPhone.Build.0 = Release|Any CPU
		{F6087028-B350-4505-A134-6542C9654A34}.Release|iPhone.Deploy.0 = Release|Any CPU
		{F6087028-B350-4505-A134-6542C9654A34}.Release|iPhoneSimulator.ActiveCfg = Release|Any CPU
		{F6087028-B350-4505-A134-6542C9654A34}.Release|iPhoneSimulator.Build.0 = Release|Any CPU
		{F6087028-B350-4505-A134-6542C9654A34}.Release|iPhoneSimulator.Deploy.0 = Release|Any CPU
		{F6087028-B350-4505-A134-6542C9654A34}.Release|x64.ActiveCfg = Release|Any CPU
		{F6087028-B350-4505-A134-6542C9654A34}.Release|x64.Build.0 = Release|Any CPU
		{F6087028-B350-4505-A134-6542C9654A34}.Release|x64.Deploy.0 = Release|Any CPU
		{F6087028-B350-4505-A134-6542C9654A34}.Release|x86.ActiveCfg = Release|Any CPU
		{F6087028-B350-4505-A134-6542C9654A34}.Release|x86.Build.0 = Release|Any CPU
		{F6087028-B350-4505-A134-6542C9654A34}.Release|x86.Deploy.0 = Release|Any CPU
		{8C3352B2-1D37-4AE3-8C4A-894698B8E490}.Ad-Hoc|Any CPU.ActiveCfg = Ad-Hoc|iPhone
		{8C3352B2-1D37-4AE3-8C4A-894698B8E490}.Ad-Hoc|ARM.ActiveCfg = Ad-Hoc|iPhone
		{8C3352B2-1D37-4AE3-8C4A-894698B8E490}.Ad-Hoc|iPhone.ActiveCfg = Ad-Hoc|iPhone
		{8C3352B2-1D37-4AE3-8C4A-894698B8E490}.Ad-Hoc|iPhone.Build.0 = Ad-Hoc|iPhone
		{8C3352B2-1D37-4AE3-8C4A-894698B8E490}.Ad-Hoc|iPhoneSimulator.ActiveCfg = Ad-Hoc|iPhoneSimulator
		{8C3352B2-1D37-4AE3-8C4A-894698B8E490}.Ad-Hoc|iPhoneSimulator.Build.0 = Ad-Hoc|iPhoneSimulator
		{8C3352B2-1D37-4AE3-8C4A-894698B8E490}.Ad-Hoc|x64.ActiveCfg = Ad-Hoc|iPhone
		{8C3352B2-1D37-4AE3-8C4A-894698B8E490}.Ad-Hoc|x86.ActiveCfg = Ad-Hoc|iPhone
		{8C3352B2-1D37-4AE3-8C4A-894698B8E490}.AppStore|Any CPU.ActiveCfg = AppStore|iPhone
		{8C3352B2-1D37-4AE3-8C4A-894698B8E490}.AppStore|ARM.ActiveCfg = AppStore|iPhone
		{8C3352B2-1D37-4AE3-8C4A-894698B8E490}.AppStore|iPhone.ActiveCfg = AppStore|iPhone
		{8C3352B2-1D37-4AE3-8C4A-894698B8E490}.AppStore|iPhone.Build.0 = AppStore|iPhone
		{8C3352B2-1D37-4AE3-8C4A-894698B8E490}.AppStore|iPhoneSimulator.ActiveCfg = AppStore|iPhoneSimulator
		{8C3352B2-1D37-4AE3-8C4A-894698B8E490}.AppStore|iPhoneSimulator.Build.0 = AppStore|iPhoneSimulator
		{8C3352B2-1D37-4AE3-8C4A-894698B8E490}.AppStore|x64.ActiveCfg = AppStore|iPhone
		{8C3352B2-1D37-4AE3-8C4A-894698B8E490}.AppStore|x86.ActiveCfg = AppStore|iPhone
		{8C3352B2-1D37-4AE3-8C4A-894698B8E490}.Debug|Any CPU.ActiveCfg = Debug|iPhone
		{8C3352B2-1D37-4AE3-8C4A-894698B8E490}.Debug|ARM.ActiveCfg = Debug|iPhone
		{8C3352B2-1D37-4AE3-8C4A-894698B8E490}.Debug|iPhone.ActiveCfg = Debug|iPhone
		{8C3352B2-1D37-4AE3-8C4A-894698B8E490}.Debug|iPhone.Build.0 = Debug|iPhone
		{8C3352B2-1D37-4AE3-8C4A-894698B8E490}.Debug|iPhoneSimulator.ActiveCfg = Debug|iPhoneSimulator
		{8C3352B2-1D37-4AE3-8C4A-894698B8E490}.Debug|iPhoneSimulator.Build.0 = Debug|iPhoneSimulator
		{8C3352B2-1D37-4AE3-8C4A-894698B8E490}.Debug|x64.ActiveCfg = Debug|iPhone
		{8C3352B2-1D37-4AE3-8C4A-894698B8E490}.Debug|x86.ActiveCfg = Debug|iPhone
		{8C3352B2-1D37-4AE3-8C4A-894698B8E490}.Release|Any CPU.ActiveCfg = Release|iPhone
		{8C3352B2-1D37-4AE3-8C4A-894698B8E490}.Release|ARM.ActiveCfg = Release|iPhone
		{8C3352B2-1D37-4AE3-8C4A-894698B8E490}.Release|iPhone.ActiveCfg = Release|iPhone
		{8C3352B2-1D37-4AE3-8C4A-894698B8E490}.Release|iPhone.Build.0 = Release|iPhone
		{8C3352B2-1D37-4AE3-8C4A-894698B8E490}.Release|iPhoneSimulator.ActiveCfg = Release|iPhoneSimulator
		{8C3352B2-1D37-4AE3-8C4A-894698B8E490}.Release|iPhoneSimulator.Build.0 = Release|iPhoneSimulator
		{8C3352B2-1D37-4AE3-8C4A-894698B8E490}.Release|x64.ActiveCfg = Release|iPhone
		{8C3352B2-1D37-4AE3-8C4A-894698B8E490}.Release|x86.ActiveCfg = Release|iPhone
		{052DF343-C3FB-473D-8E2B-1F9BDB783CAF}.Ad-Hoc|Any CPU.ActiveCfg = Release|Any CPU
		{052DF343-C3FB-473D-8E2B-1F9BDB783CAF}.Ad-Hoc|Any CPU.Build.0 = Release|Any CPU
		{052DF343-C3FB-473D-8E2B-1F9BDB783CAF}.Ad-Hoc|Any CPU.Deploy.0 = Release|Any CPU
		{052DF343-C3FB-473D-8E2B-1F9BDB783CAF}.Ad-Hoc|ARM.ActiveCfg = Release|ARM
		{052DF343-C3FB-473D-8E2B-1F9BDB783CAF}.Ad-Hoc|ARM.Build.0 = Release|ARM
		{052DF343-C3FB-473D-8E2B-1F9BDB783CAF}.Ad-Hoc|ARM.Deploy.0 = Release|ARM
		{052DF343-C3FB-473D-8E2B-1F9BDB783CAF}.Ad-Hoc|iPhone.ActiveCfg = Release|Any CPU
		{052DF343-C3FB-473D-8E2B-1F9BDB783CAF}.Ad-Hoc|iPhone.Build.0 = Release|Any CPU
		{052DF343-C3FB-473D-8E2B-1F9BDB783CAF}.Ad-Hoc|iPhone.Deploy.0 = Release|Any CPU
		{052DF343-C3FB-473D-8E2B-1F9BDB783CAF}.Ad-Hoc|iPhoneSimulator.ActiveCfg = Release|Any CPU
		{052DF343-C3FB-473D-8E2B-1F9BDB783CAF}.Ad-Hoc|iPhoneSimulator.Build.0 = Release|Any CPU
		{052DF343-C3FB-473D-8E2B-1F9BDB783CAF}.Ad-Hoc|iPhoneSimulator.Deploy.0 = Release|Any CPU
		{052DF343-C3FB-473D-8E2B-1F9BDB783CAF}.Ad-Hoc|x64.ActiveCfg = Release|Any CPU
		{052DF343-C3FB-473D-8E2B-1F9BDB783CAF}.Ad-Hoc|x64.Build.0 = Release|Any CPU
		{052DF343-C3FB-473D-8E2B-1F9BDB783CAF}.Ad-Hoc|x64.Deploy.0 = Release|Any CPU
		{052DF343-C3FB-473D-8E2B-1F9BDB783CAF}.Ad-Hoc|x86.ActiveCfg = Release|x86
		{052DF343-C3FB-473D-8E2B-1F9BDB783CAF}.Ad-Hoc|x86.Build.0 = Release|x86
		{052DF343-C3FB-473D-8E2B-1F9BDB783CAF}.Ad-Hoc|x86.Deploy.0 = Release|x86
		{052DF343-C3FB-473D-8E2B-1F9BDB783CAF}.AppStore|Any CPU.ActiveCfg = Release|Any CPU
		{052DF343-C3FB-473D-8E2B-1F9BDB783CAF}.AppStore|Any CPU.Build.0 = Release|Any CPU
		{052DF343-C3FB-473D-8E2B-1F9BDB783CAF}.AppStore|Any CPU.Deploy.0 = Release|Any CPU
		{052DF343-C3FB-473D-8E2B-1F9BDB783CAF}.AppStore|ARM.ActiveCfg = Release|ARM
		{052DF343-C3FB-473D-8E2B-1F9BDB783CAF}.AppStore|ARM.Build.0 = Release|ARM
		{052DF343-C3FB-473D-8E2B-1F9BDB783CAF}.AppStore|ARM.Deploy.0 = Release|ARM
		{052DF343-C3FB-473D-8E2B-1F9BDB783CAF}.AppStore|iPhone.ActiveCfg = Release|Any CPU
		{052DF343-C3FB-473D-8E2B-1F9BDB783CAF}.AppStore|iPhone.Build.0 = Release|Any CPU
		{052DF343-C3FB-473D-8E2B-1F9BDB783CAF}.AppStore|iPhone.Deploy.0 = Release|Any CPU
		{052DF343-C3FB-473D-8E2B-1F9BDB783CAF}.AppStore|iPhoneSimulator.ActiveCfg = Release|Any CPU
		{052DF343-C3FB-473D-8E2B-1F9BDB783CAF}.AppStore|iPhoneSimulator.Build.0 = Release|Any CPU
		{052DF343-C3FB-473D-8E2B-1F9BDB783CAF}.AppStore|iPhoneSimulator.Deploy.0 = Release|Any CPU
		{052DF343-C3FB-473D-8E2B-1F9BDB783CAF}.AppStore|x64.ActiveCfg = Release|Any CPU
		{052DF343-C3FB-473D-8E2B-1F9BDB783CAF}.AppStore|x64.Build.0 = Release|Any CPU
		{052DF343-C3FB-473D-8E2B-1F9BDB783CAF}.AppStore|x64.Deploy.0 = Release|Any CPU
		{052DF343-C3FB-473D-8E2B-1F9BDB783CAF}.AppStore|x86.ActiveCfg = Release|x86
		{052DF343-C3FB-473D-8E2B-1F9BDB783CAF}.AppStore|x86.Build.0 = Release|x86
		{052DF343-C3FB-473D-8E2B-1F9BDB783CAF}.AppStore|x86.Deploy.0 = Release|x86
		{052DF343-C3FB-473D-8E2B-1F9BDB783CAF}.Debug|Any CPU.ActiveCfg = Debug|Any CPU
		{052DF343-C3FB-473D-8E2B-1F9BDB783CAF}.Debug|Any CPU.Build.0 = Debug|Any CPU
		{052DF343-C3FB-473D-8E2B-1F9BDB783CAF}.Debug|Any CPU.Deploy.0 = Debug|Any CPU
		{052DF343-C3FB-473D-8E2B-1F9BDB783CAF}.Debug|ARM.ActiveCfg = Debug|ARM
		{052DF343-C3FB-473D-8E2B-1F9BDB783CAF}.Debug|ARM.Build.0 = Debug|ARM
		{052DF343-C3FB-473D-8E2B-1F9BDB783CAF}.Debug|ARM.Deploy.0 = Debug|ARM
		{052DF343-C3FB-473D-8E2B-1F9BDB783CAF}.Debug|iPhone.ActiveCfg = Debug|Any CPU
		{052DF343-C3FB-473D-8E2B-1F9BDB783CAF}.Debug|iPhone.Build.0 = Debug|Any CPU
		{052DF343-C3FB-473D-8E2B-1F9BDB783CAF}.Debug|iPhone.Deploy.0 = Debug|Any CPU
		{052DF343-C3FB-473D-8E2B-1F9BDB783CAF}.Debug|iPhoneSimulator.ActiveCfg = Debug|Any CPU
		{052DF343-C3FB-473D-8E2B-1F9BDB783CAF}.Debug|iPhoneSimulator.Build.0 = Debug|Any CPU
		{052DF343-C3FB-473D-8E2B-1F9BDB783CAF}.Debug|iPhoneSimulator.Deploy.0 = Debug|Any CPU
		{052DF343-C3FB-473D-8E2B-1F9BDB783CAF}.Debug|x64.ActiveCfg = Debug|Any CPU
		{052DF343-C3FB-473D-8E2B-1F9BDB783CAF}.Debug|x64.Build.0 = Debug|Any CPU
		{052DF343-C3FB-473D-8E2B-1F9BDB783CAF}.Debug|x64.Deploy.0 = Debug|Any CPU
		{052DF343-C3FB-473D-8E2B-1F9BDB783CAF}.Debug|x86.ActiveCfg = Debug|x86
		{052DF343-C3FB-473D-8E2B-1F9BDB783CAF}.Debug|x86.Build.0 = Debug|x86
		{052DF343-C3FB-473D-8E2B-1F9BDB783CAF}.Debug|x86.Deploy.0 = Debug|x86
		{052DF343-C3FB-473D-8E2B-1F9BDB783CAF}.Release|Any CPU.ActiveCfg = Release|Any CPU
		{052DF343-C3FB-473D-8E2B-1F9BDB783CAF}.Release|Any CPU.Build.0 = Release|Any CPU
		{052DF343-C3FB-473D-8E2B-1F9BDB783CAF}.Release|Any CPU.Deploy.0 = Release|Any CPU
		{052DF343-C3FB-473D-8E2B-1F9BDB783CAF}.Release|ARM.ActiveCfg = Release|ARM
		{052DF343-C3FB-473D-8E2B-1F9BDB783CAF}.Release|ARM.Build.0 = Release|ARM
		{052DF343-C3FB-473D-8E2B-1F9BDB783CAF}.Release|ARM.Deploy.0 = Release|ARM
		{052DF343-C3FB-473D-8E2B-1F9BDB783CAF}.Release|iPhone.ActiveCfg = Release|Any CPU
		{052DF343-C3FB-473D-8E2B-1F9BDB783CAF}.Release|iPhone.Build.0 = Release|Any CPU
		{052DF343-C3FB-473D-8E2B-1F9BDB783CAF}.Release|iPhone.Deploy.0 = Release|Any CPU
		{052DF343-C3FB-473D-8E2B-1F9BDB783CAF}.Release|iPhoneSimulator.ActiveCfg = Release|Any CPU
		{052DF343-C3FB-473D-8E2B-1F9BDB783CAF}.Release|iPhoneSimulator.Build.0 = Release|Any CPU
		{052DF343-C3FB-473D-8E2B-1F9BDB783CAF}.Release|iPhoneSimulator.Deploy.0 = Release|Any CPU
		{052DF343-C3FB-473D-8E2B-1F9BDB783CAF}.Release|x64.ActiveCfg = Release|Any CPU
		{052DF343-C3FB-473D-8E2B-1F9BDB783CAF}.Release|x64.Build.0 = Release|Any CPU
		{052DF343-C3FB-473D-8E2B-1F9BDB783CAF}.Release|x64.Deploy.0 = Release|Any CPU
		{052DF343-C3FB-473D-8E2B-1F9BDB783CAF}.Release|x86.ActiveCfg = Release|x86
		{052DF343-C3FB-473D-8E2B-1F9BDB783CAF}.Release|x86.Build.0 = Release|x86
		{052DF343-C3FB-473D-8E2B-1F9BDB783CAF}.Release|x86.Deploy.0 = Release|x86
		{CEF75396-14EC-4F52-98A8-5875F2901FE0}.Ad-Hoc|Any CPU.ActiveCfg = Release|Any CPU
		{CEF75396-14EC-4F52-98A8-5875F2901FE0}.Ad-Hoc|Any CPU.Build.0 = Release|Any CPU
		{CEF75396-14EC-4F52-98A8-5875F2901FE0}.Ad-Hoc|Any CPU.Deploy.0 = Release|Any CPU
		{CEF75396-14EC-4F52-98A8-5875F2901FE0}.Ad-Hoc|ARM.ActiveCfg = Release|ARM
		{CEF75396-14EC-4F52-98A8-5875F2901FE0}.Ad-Hoc|ARM.Build.0 = Release|ARM
		{CEF75396-14EC-4F52-98A8-5875F2901FE0}.Ad-Hoc|ARM.Deploy.0 = Release|ARM
		{CEF75396-14EC-4F52-98A8-5875F2901FE0}.Ad-Hoc|iPhone.ActiveCfg = Release|Any CPU
		{CEF75396-14EC-4F52-98A8-5875F2901FE0}.Ad-Hoc|iPhone.Build.0 = Release|Any CPU
		{CEF75396-14EC-4F52-98A8-5875F2901FE0}.Ad-Hoc|iPhone.Deploy.0 = Release|Any CPU
		{CEF75396-14EC-4F52-98A8-5875F2901FE0}.Ad-Hoc|iPhoneSimulator.ActiveCfg = Release|Any CPU
		{CEF75396-14EC-4F52-98A8-5875F2901FE0}.Ad-Hoc|iPhoneSimulator.Build.0 = Release|Any CPU
		{CEF75396-14EC-4F52-98A8-5875F2901FE0}.Ad-Hoc|iPhoneSimulator.Deploy.0 = Release|Any CPU
		{CEF75396-14EC-4F52-98A8-5875F2901FE0}.Ad-Hoc|x64.ActiveCfg = Release|x64
		{CEF75396-14EC-4F52-98A8-5875F2901FE0}.Ad-Hoc|x64.Build.0 = Release|x64
		{CEF75396-14EC-4F52-98A8-5875F2901FE0}.Ad-Hoc|x64.Deploy.0 = Release|x64
		{CEF75396-14EC-4F52-98A8-5875F2901FE0}.Ad-Hoc|x86.ActiveCfg = Release|x86
		{CEF75396-14EC-4F52-98A8-5875F2901FE0}.Ad-Hoc|x86.Build.0 = Release|x86
		{CEF75396-14EC-4F52-98A8-5875F2901FE0}.Ad-Hoc|x86.Deploy.0 = Release|x86
		{CEF75396-14EC-4F52-98A8-5875F2901FE0}.AppStore|Any CPU.ActiveCfg = Release|Any CPU
		{CEF75396-14EC-4F52-98A8-5875F2901FE0}.AppStore|Any CPU.Build.0 = Release|Any CPU
		{CEF75396-14EC-4F52-98A8-5875F2901FE0}.AppStore|Any CPU.Deploy.0 = Release|Any CPU
		{CEF75396-14EC-4F52-98A8-5875F2901FE0}.AppStore|ARM.ActiveCfg = Release|ARM
		{CEF75396-14EC-4F52-98A8-5875F2901FE0}.AppStore|ARM.Build.0 = Release|ARM
		{CEF75396-14EC-4F52-98A8-5875F2901FE0}.AppStore|ARM.Deploy.0 = Release|ARM
		{CEF75396-14EC-4F52-98A8-5875F2901FE0}.AppStore|iPhone.ActiveCfg = Release|Any CPU
		{CEF75396-14EC-4F52-98A8-5875F2901FE0}.AppStore|iPhone.Build.0 = Release|Any CPU
		{CEF75396-14EC-4F52-98A8-5875F2901FE0}.AppStore|iPhone.Deploy.0 = Release|Any CPU
		{CEF75396-14EC-4F52-98A8-5875F2901FE0}.AppStore|iPhoneSimulator.ActiveCfg = Release|Any CPU
		{CEF75396-14EC-4F52-98A8-5875F2901FE0}.AppStore|iPhoneSimulator.Build.0 = Release|Any CPU
		{CEF75396-14EC-4F52-98A8-5875F2901FE0}.AppStore|iPhoneSimulator.Deploy.0 = Release|Any CPU
		{CEF75396-14EC-4F52-98A8-5875F2901FE0}.AppStore|x64.ActiveCfg = Release|x64
		{CEF75396-14EC-4F52-98A8-5875F2901FE0}.AppStore|x64.Build.0 = Release|x64
		{CEF75396-14EC-4F52-98A8-5875F2901FE0}.AppStore|x64.Deploy.0 = Release|x64
		{CEF75396-14EC-4F52-98A8-5875F2901FE0}.AppStore|x86.ActiveCfg = Release|x86
		{CEF75396-14EC-4F52-98A8-5875F2901FE0}.AppStore|x86.Build.0 = Release|x86
		{CEF75396-14EC-4F52-98A8-5875F2901FE0}.AppStore|x86.Deploy.0 = Release|x86
		{CEF75396-14EC-4F52-98A8-5875F2901FE0}.Debug|Any CPU.ActiveCfg = Debug|Any CPU
		{CEF75396-14EC-4F52-98A8-5875F2901FE0}.Debug|Any CPU.Build.0 = Debug|Any CPU
		{CEF75396-14EC-4F52-98A8-5875F2901FE0}.Debug|Any CPU.Deploy.0 = Debug|Any CPU
		{CEF75396-14EC-4F52-98A8-5875F2901FE0}.Debug|ARM.ActiveCfg = Debug|ARM
		{CEF75396-14EC-4F52-98A8-5875F2901FE0}.Debug|ARM.Build.0 = Debug|ARM
		{CEF75396-14EC-4F52-98A8-5875F2901FE0}.Debug|ARM.Deploy.0 = Debug|ARM
		{CEF75396-14EC-4F52-98A8-5875F2901FE0}.Debug|iPhone.ActiveCfg = Debug|Any CPU
		{CEF75396-14EC-4F52-98A8-5875F2901FE0}.Debug|iPhone.Build.0 = Debug|Any CPU
		{CEF75396-14EC-4F52-98A8-5875F2901FE0}.Debug|iPhone.Deploy.0 = Debug|Any CPU
		{CEF75396-14EC-4F52-98A8-5875F2901FE0}.Debug|iPhoneSimulator.ActiveCfg = Debug|Any CPU
		{CEF75396-14EC-4F52-98A8-5875F2901FE0}.Debug|iPhoneSimulator.Build.0 = Debug|Any CPU
		{CEF75396-14EC-4F52-98A8-5875F2901FE0}.Debug|iPhoneSimulator.Deploy.0 = Debug|Any CPU
		{CEF75396-14EC-4F52-98A8-5875F2901FE0}.Debug|x64.ActiveCfg = Debug|x64
		{CEF75396-14EC-4F52-98A8-5875F2901FE0}.Debug|x64.Build.0 = Debug|x64
		{CEF75396-14EC-4F52-98A8-5875F2901FE0}.Debug|x64.Deploy.0 = Debug|x64
		{CEF75396-14EC-4F52-98A8-5875F2901FE0}.Debug|x86.ActiveCfg = Debug|x86
		{CEF75396-14EC-4F52-98A8-5875F2901FE0}.Debug|x86.Build.0 = Debug|x86
		{CEF75396-14EC-4F52-98A8-5875F2901FE0}.Debug|x86.Deploy.0 = Debug|x86
		{CEF75396-14EC-4F52-98A8-5875F2901FE0}.Release|Any CPU.ActiveCfg = Release|Any CPU
		{CEF75396-14EC-4F52-98A8-5875F2901FE0}.Release|Any CPU.Build.0 = Release|Any CPU
		{CEF75396-14EC-4F52-98A8-5875F2901FE0}.Release|Any CPU.Deploy.0 = Release|Any CPU
		{CEF75396-14EC-4F52-98A8-5875F2901FE0}.Release|ARM.ActiveCfg = Release|ARM
		{CEF75396-14EC-4F52-98A8-5875F2901FE0}.Release|ARM.Build.0 = Release|ARM
		{CEF75396-14EC-4F52-98A8-5875F2901FE0}.Release|ARM.Deploy.0 = Release|ARM
		{CEF75396-14EC-4F52-98A8-5875F2901FE0}.Release|iPhone.ActiveCfg = Release|Any CPU
		{CEF75396-14EC-4F52-98A8-5875F2901FE0}.Release|iPhone.Build.0 = Release|Any CPU
		{CEF75396-14EC-4F52-98A8-5875F2901FE0}.Release|iPhone.Deploy.0 = Release|Any CPU
		{CEF75396-14EC-4F52-98A8-5875F2901FE0}.Release|iPhoneSimulator.ActiveCfg = Release|Any CPU
		{CEF75396-14EC-4F52-98A8-5875F2901FE0}.Release|iPhoneSimulator.Build.0 = Release|Any CPU
		{CEF75396-14EC-4F52-98A8-5875F2901FE0}.Release|iPhoneSimulator.Deploy.0 = Release|Any CPU
		{CEF75396-14EC-4F52-98A8-5875F2901FE0}.Release|x64.ActiveCfg = Release|x64
		{CEF75396-14EC-4F52-98A8-5875F2901FE0}.Release|x64.Build.0 = Release|x64
		{CEF75396-14EC-4F52-98A8-5875F2901FE0}.Release|x64.Deploy.0 = Release|x64
		{CEF75396-14EC-4F52-98A8-5875F2901FE0}.Release|x86.ActiveCfg = Release|x86
		{CEF75396-14EC-4F52-98A8-5875F2901FE0}.Release|x86.Build.0 = Release|x86
		{CEF75396-14EC-4F52-98A8-5875F2901FE0}.Release|x86.Deploy.0 = Release|x86
		{209FA716-A7AD-4095-BD70-C8710FC66FA7}.Ad-Hoc|Any CPU.ActiveCfg = Release|Any CPU
		{209FA716-A7AD-4095-BD70-C8710FC66FA7}.Ad-Hoc|Any CPU.Build.0 = Release|Any CPU
		{209FA716-A7AD-4095-BD70-C8710FC66FA7}.Ad-Hoc|ARM.ActiveCfg = Release|Any CPU
		{209FA716-A7AD-4095-BD70-C8710FC66FA7}.Ad-Hoc|ARM.Build.0 = Release|Any CPU
		{209FA716-A7AD-4095-BD70-C8710FC66FA7}.Ad-Hoc|iPhone.ActiveCfg = Release|Any CPU
		{209FA716-A7AD-4095-BD70-C8710FC66FA7}.Ad-Hoc|iPhone.Build.0 = Release|Any CPU
		{209FA716-A7AD-4095-BD70-C8710FC66FA7}.Ad-Hoc|iPhoneSimulator.ActiveCfg = Release|Any CPU
		{209FA716-A7AD-4095-BD70-C8710FC66FA7}.Ad-Hoc|iPhoneSimulator.Build.0 = Release|Any CPU
		{209FA716-A7AD-4095-BD70-C8710FC66FA7}.Ad-Hoc|x64.ActiveCfg = Release|Any CPU
		{209FA716-A7AD-4095-BD70-C8710FC66FA7}.Ad-Hoc|x64.Build.0 = Release|Any CPU
		{209FA716-A7AD-4095-BD70-C8710FC66FA7}.Ad-Hoc|x86.ActiveCfg = Release|Any CPU
		{209FA716-A7AD-4095-BD70-C8710FC66FA7}.Ad-Hoc|x86.Build.0 = Release|Any CPU
		{209FA716-A7AD-4095-BD70-C8710FC66FA7}.AppStore|Any CPU.ActiveCfg = Release|Any CPU
		{209FA716-A7AD-4095-BD70-C8710FC66FA7}.AppStore|Any CPU.Build.0 = Release|Any CPU
		{209FA716-A7AD-4095-BD70-C8710FC66FA7}.AppStore|ARM.ActiveCfg = Release|Any CPU
		{209FA716-A7AD-4095-BD70-C8710FC66FA7}.AppStore|ARM.Build.0 = Release|Any CPU
		{209FA716-A7AD-4095-BD70-C8710FC66FA7}.AppStore|iPhone.ActiveCfg = Release|Any CPU
		{209FA716-A7AD-4095-BD70-C8710FC66FA7}.AppStore|iPhone.Build.0 = Release|Any CPU
		{209FA716-A7AD-4095-BD70-C8710FC66FA7}.AppStore|iPhoneSimulator.ActiveCfg = Release|Any CPU
		{209FA716-A7AD-4095-BD70-C8710FC66FA7}.AppStore|iPhoneSimulator.Build.0 = Release|Any CPU
		{209FA716-A7AD-4095-BD70-C8710FC66FA7}.AppStore|x64.ActiveCfg = Release|Any CPU
		{209FA716-A7AD-4095-BD70-C8710FC66FA7}.AppStore|x64.Build.0 = Release|Any CPU
		{209FA716-A7AD-4095-BD70-C8710FC66FA7}.AppStore|x86.ActiveCfg = Release|Any CPU
		{209FA716-A7AD-4095-BD70-C8710FC66FA7}.AppStore|x86.Build.0 = Release|Any CPU
		{209FA716-A7AD-4095-BD70-C8710FC66FA7}.Debug|Any CPU.ActiveCfg = Debug|Any CPU
		{209FA716-A7AD-4095-BD70-C8710FC66FA7}.Debug|Any CPU.Build.0 = Debug|Any CPU
		{209FA716-A7AD-4095-BD70-C8710FC66FA7}.Debug|ARM.ActiveCfg = Debug|Any CPU
		{209FA716-A7AD-4095-BD70-C8710FC66FA7}.Debug|ARM.Build.0 = Debug|Any CPU
		{209FA716-A7AD-4095-BD70-C8710FC66FA7}.Debug|iPhone.ActiveCfg = Debug|Any CPU
		{209FA716-A7AD-4095-BD70-C8710FC66FA7}.Debug|iPhone.Build.0 = Debug|Any CPU
		{209FA716-A7AD-4095-BD70-C8710FC66FA7}.Debug|iPhoneSimulator.ActiveCfg = Debug|Any CPU
		{209FA716-A7AD-4095-BD70-C8710FC66FA7}.Debug|iPhoneSimulator.Build.0 = Debug|Any CPU
		{209FA716-A7AD-4095-BD70-C8710FC66FA7}.Debug|x64.ActiveCfg = Debug|Any CPU
		{209FA716-A7AD-4095-BD70-C8710FC66FA7}.Debug|x64.Build.0 = Debug|Any CPU
		{209FA716-A7AD-4095-BD70-C8710FC66FA7}.Debug|x86.ActiveCfg = Debug|Any CPU
		{209FA716-A7AD-4095-BD70-C8710FC66FA7}.Debug|x86.Build.0 = Debug|Any CPU
		{209FA716-A7AD-4095-BD70-C8710FC66FA7}.Release|Any CPU.ActiveCfg = Release|Any CPU
		{209FA716-A7AD-4095-BD70-C8710FC66FA7}.Release|Any CPU.Build.0 = Release|Any CPU
		{209FA716-A7AD-4095-BD70-C8710FC66FA7}.Release|ARM.ActiveCfg = Release|Any CPU
		{209FA716-A7AD-4095-BD70-C8710FC66FA7}.Release|ARM.Build.0 = Release|Any CPU
		{209FA716-A7AD-4095-BD70-C8710FC66FA7}.Release|iPhone.ActiveCfg = Release|Any CPU
		{209FA716-A7AD-4095-BD70-C8710FC66FA7}.Release|iPhone.Build.0 = Release|Any CPU
		{209FA716-A7AD-4095-BD70-C8710FC66FA7}.Release|iPhoneSimulator.ActiveCfg = Release|Any CPU
		{209FA716-A7AD-4095-BD70-C8710FC66FA7}.Release|iPhoneSimulator.Build.0 = Release|Any CPU
		{209FA716-A7AD-4095-BD70-C8710FC66FA7}.Release|x64.ActiveCfg = Release|Any CPU
		{209FA716-A7AD-4095-BD70-C8710FC66FA7}.Release|x64.Build.0 = Release|Any CPU
		{209FA716-A7AD-4095-BD70-C8710FC66FA7}.Release|x86.ActiveCfg = Release|Any CPU
		{209FA716-A7AD-4095-BD70-C8710FC66FA7}.Release|x86.Build.0 = Release|Any CPU
		{630287A7-0DFE-43EC-9F36-8F30BF21F290}.Ad-Hoc|Any CPU.ActiveCfg = Release|Any CPU
		{630287A7-0DFE-43EC-9F36-8F30BF21F290}.Ad-Hoc|Any CPU.Build.0 = Release|Any CPU
		{630287A7-0DFE-43EC-9F36-8F30BF21F290}.Ad-Hoc|ARM.ActiveCfg = Release|Any CPU
		{630287A7-0DFE-43EC-9F36-8F30BF21F290}.Ad-Hoc|ARM.Build.0 = Release|Any CPU
		{630287A7-0DFE-43EC-9F36-8F30BF21F290}.Ad-Hoc|iPhone.ActiveCfg = Release|Any CPU
		{630287A7-0DFE-43EC-9F36-8F30BF21F290}.Ad-Hoc|iPhone.Build.0 = Release|Any CPU
		{630287A7-0DFE-43EC-9F36-8F30BF21F290}.Ad-Hoc|iPhoneSimulator.ActiveCfg = Release|Any CPU
		{630287A7-0DFE-43EC-9F36-8F30BF21F290}.Ad-Hoc|iPhoneSimulator.Build.0 = Release|Any CPU
		{630287A7-0DFE-43EC-9F36-8F30BF21F290}.Ad-Hoc|x64.ActiveCfg = Release|Any CPU
		{630287A7-0DFE-43EC-9F36-8F30BF21F290}.Ad-Hoc|x64.Build.0 = Release|Any CPU
		{630287A7-0DFE-43EC-9F36-8F30BF21F290}.Ad-Hoc|x86.ActiveCfg = Release|Any CPU
		{630287A7-0DFE-43EC-9F36-8F30BF21F290}.Ad-Hoc|x86.Build.0 = Release|Any CPU
		{630287A7-0DFE-43EC-9F36-8F30BF21F290}.AppStore|Any CPU.ActiveCfg = Release|Any CPU
		{630287A7-0DFE-43EC-9F36-8F30BF21F290}.AppStore|Any CPU.Build.0 = Release|Any CPU
		{630287A7-0DFE-43EC-9F36-8F30BF21F290}.AppStore|ARM.ActiveCfg = Release|Any CPU
		{630287A7-0DFE-43EC-9F36-8F30BF21F290}.AppStore|ARM.Build.0 = Release|Any CPU
		{630287A7-0DFE-43EC-9F36-8F30BF21F290}.AppStore|iPhone.ActiveCfg = Release|Any CPU
		{630287A7-0DFE-43EC-9F36-8F30BF21F290}.AppStore|iPhone.Build.0 = Release|Any CPU
		{630287A7-0DFE-43EC-9F36-8F30BF21F290}.AppStore|iPhoneSimulator.ActiveCfg = Release|Any CPU
		{630287A7-0DFE-43EC-9F36-8F30BF21F290}.AppStore|iPhoneSimulator.Build.0 = Release|Any CPU
		{630287A7-0DFE-43EC-9F36-8F30BF21F290}.AppStore|x64.ActiveCfg = Release|Any CPU
		{630287A7-0DFE-43EC-9F36-8F30BF21F290}.AppStore|x64.Build.0 = Release|Any CPU
		{630287A7-0DFE-43EC-9F36-8F30BF21F290}.AppStore|x86.ActiveCfg = Release|Any CPU
		{630287A7-0DFE-43EC-9F36-8F30BF21F290}.AppStore|x86.Build.0 = Release|Any CPU
		{630287A7-0DFE-43EC-9F36-8F30BF21F290}.Debug|Any CPU.ActiveCfg = Debug|Any CPU
		{630287A7-0DFE-43EC-9F36-8F30BF21F290}.Debug|Any CPU.Build.0 = Debug|Any CPU
		{630287A7-0DFE-43EC-9F36-8F30BF21F290}.Debug|ARM.ActiveCfg = Debug|Any CPU
		{630287A7-0DFE-43EC-9F36-8F30BF21F290}.Debug|ARM.Build.0 = Debug|Any CPU
		{630287A7-0DFE-43EC-9F36-8F30BF21F290}.Debug|iPhone.ActiveCfg = Debug|Any CPU
		{630287A7-0DFE-43EC-9F36-8F30BF21F290}.Debug|iPhone.Build.0 = Debug|Any CPU
		{630287A7-0DFE-43EC-9F36-8F30BF21F290}.Debug|iPhoneSimulator.ActiveCfg = Debug|Any CPU
		{630287A7-0DFE-43EC-9F36-8F30BF21F290}.Debug|iPhoneSimulator.Build.0 = Debug|Any CPU
		{630287A7-0DFE-43EC-9F36-8F30BF21F290}.Debug|x64.ActiveCfg = Debug|Any CPU
		{630287A7-0DFE-43EC-9F36-8F30BF21F290}.Debug|x64.Build.0 = Debug|Any CPU
		{630287A7-0DFE-43EC-9F36-8F30BF21F290}.Debug|x86.ActiveCfg = Debug|Any CPU
		{630287A7-0DFE-43EC-9F36-8F30BF21F290}.Debug|x86.Build.0 = Debug|Any CPU
		{630287A7-0DFE-43EC-9F36-8F30BF21F290}.Release|Any CPU.ActiveCfg = Release|Any CPU
		{630287A7-0DFE-43EC-9F36-8F30BF21F290}.Release|Any CPU.Build.0 = Release|Any CPU
		{630287A7-0DFE-43EC-9F36-8F30BF21F290}.Release|ARM.ActiveCfg = Release|Any CPU
		{630287A7-0DFE-43EC-9F36-8F30BF21F290}.Release|ARM.Build.0 = Release|Any CPU
		{630287A7-0DFE-43EC-9F36-8F30BF21F290}.Release|iPhone.ActiveCfg = Release|Any CPU
		{630287A7-0DFE-43EC-9F36-8F30BF21F290}.Release|iPhone.Build.0 = Release|Any CPU
		{630287A7-0DFE-43EC-9F36-8F30BF21F290}.Release|iPhoneSimulator.ActiveCfg = Release|Any CPU
		{630287A7-0DFE-43EC-9F36-8F30BF21F290}.Release|iPhoneSimulator.Build.0 = Release|Any CPU
		{630287A7-0DFE-43EC-9F36-8F30BF21F290}.Release|x64.ActiveCfg = Release|Any CPU
		{630287A7-0DFE-43EC-9F36-8F30BF21F290}.Release|x64.Build.0 = Release|Any CPU
		{630287A7-0DFE-43EC-9F36-8F30BF21F290}.Release|x86.ActiveCfg = Release|Any CPU
		{630287A7-0DFE-43EC-9F36-8F30BF21F290}.Release|x86.Build.0 = Release|Any CPU
		{E1DF8AE2-4287-4A39-97AA-522B7F5EAFEF}.Ad-Hoc|Any CPU.ActiveCfg = Release|Any CPU
		{E1DF8AE2-4287-4A39-97AA-522B7F5EAFEF}.Ad-Hoc|Any CPU.Build.0 = Release|Any CPU
		{E1DF8AE2-4287-4A39-97AA-522B7F5EAFEF}.Ad-Hoc|ARM.ActiveCfg = Release|Any CPU
		{E1DF8AE2-4287-4A39-97AA-522B7F5EAFEF}.Ad-Hoc|ARM.Build.0 = Release|Any CPU
		{E1DF8AE2-4287-4A39-97AA-522B7F5EAFEF}.Ad-Hoc|iPhone.ActiveCfg = Release|Any CPU
		{E1DF8AE2-4287-4A39-97AA-522B7F5EAFEF}.Ad-Hoc|iPhone.Build.0 = Release|Any CPU
		{E1DF8AE2-4287-4A39-97AA-522B7F5EAFEF}.Ad-Hoc|iPhoneSimulator.ActiveCfg = Release|Any CPU
		{E1DF8AE2-4287-4A39-97AA-522B7F5EAFEF}.Ad-Hoc|iPhoneSimulator.Build.0 = Release|Any CPU
		{E1DF8AE2-4287-4A39-97AA-522B7F5EAFEF}.Ad-Hoc|x64.ActiveCfg = Release|Any CPU
		{E1DF8AE2-4287-4A39-97AA-522B7F5EAFEF}.Ad-Hoc|x64.Build.0 = Release|Any CPU
		{E1DF8AE2-4287-4A39-97AA-522B7F5EAFEF}.Ad-Hoc|x86.ActiveCfg = Release|Any CPU
		{E1DF8AE2-4287-4A39-97AA-522B7F5EAFEF}.Ad-Hoc|x86.Build.0 = Release|Any CPU
		{E1DF8AE2-4287-4A39-97AA-522B7F5EAFEF}.AppStore|Any CPU.ActiveCfg = Release|Any CPU
		{E1DF8AE2-4287-4A39-97AA-522B7F5EAFEF}.AppStore|Any CPU.Build.0 = Release|Any CPU
		{E1DF8AE2-4287-4A39-97AA-522B7F5EAFEF}.AppStore|ARM.ActiveCfg = Release|Any CPU
		{E1DF8AE2-4287-4A39-97AA-522B7F5EAFEF}.AppStore|ARM.Build.0 = Release|Any CPU
		{E1DF8AE2-4287-4A39-97AA-522B7F5EAFEF}.AppStore|iPhone.ActiveCfg = Release|Any CPU
		{E1DF8AE2-4287-4A39-97AA-522B7F5EAFEF}.AppStore|iPhone.Build.0 = Release|Any CPU
		{E1DF8AE2-4287-4A39-97AA-522B7F5EAFEF}.AppStore|iPhoneSimulator.ActiveCfg = Release|Any CPU
		{E1DF8AE2-4287-4A39-97AA-522B7F5EAFEF}.AppStore|iPhoneSimulator.Build.0 = Release|Any CPU
		{E1DF8AE2-4287-4A39-97AA-522B7F5EAFEF}.AppStore|x64.ActiveCfg = Release|Any CPU
		{E1DF8AE2-4287-4A39-97AA-522B7F5EAFEF}.AppStore|x64.Build.0 = Release|Any CPU
		{E1DF8AE2-4287-4A39-97AA-522B7F5EAFEF}.AppStore|x86.ActiveCfg = Release|Any CPU
		{E1DF8AE2-4287-4A39-97AA-522B7F5EAFEF}.AppStore|x86.Build.0 = Release|Any CPU
		{E1DF8AE2-4287-4A39-97AA-522B7F5EAFEF}.Debug|Any CPU.ActiveCfg = Debug|Any CPU
		{E1DF8AE2-4287-4A39-97AA-522B7F5EAFEF}.Debug|Any CPU.Build.0 = Debug|Any CPU
		{E1DF8AE2-4287-4A39-97AA-522B7F5EAFEF}.Debug|ARM.ActiveCfg = Debug|Any CPU
		{E1DF8AE2-4287-4A39-97AA-522B7F5EAFEF}.Debug|ARM.Build.0 = Debug|Any CPU
		{E1DF8AE2-4287-4A39-97AA-522B7F5EAFEF}.Debug|iPhone.ActiveCfg = Debug|Any CPU
		{E1DF8AE2-4287-4A39-97AA-522B7F5EAFEF}.Debug|iPhone.Build.0 = Debug|Any CPU
		{E1DF8AE2-4287-4A39-97AA-522B7F5EAFEF}.Debug|iPhoneSimulator.ActiveCfg = Debug|Any CPU
		{E1DF8AE2-4287-4A39-97AA-522B7F5EAFEF}.Debug|iPhoneSimulator.Build.0 = Debug|Any CPU
		{E1DF8AE2-4287-4A39-97AA-522B7F5EAFEF}.Debug|x64.ActiveCfg = Debug|Any CPU
		{E1DF8AE2-4287-4A39-97AA-522B7F5EAFEF}.Debug|x64.Build.0 = Debug|Any CPU
		{E1DF8AE2-4287-4A39-97AA-522B7F5EAFEF}.Debug|x86.ActiveCfg = Debug|Any CPU
		{E1DF8AE2-4287-4A39-97AA-522B7F5EAFEF}.Debug|x86.Build.0 = Debug|Any CPU
		{E1DF8AE2-4287-4A39-97AA-522B7F5EAFEF}.Release|Any CPU.ActiveCfg = Release|Any CPU
		{E1DF8AE2-4287-4A39-97AA-522B7F5EAFEF}.Release|Any CPU.Build.0 = Release|Any CPU
		{E1DF8AE2-4287-4A39-97AA-522B7F5EAFEF}.Release|ARM.ActiveCfg = Release|Any CPU
		{E1DF8AE2-4287-4A39-97AA-522B7F5EAFEF}.Release|ARM.Build.0 = Release|Any CPU
		{E1DF8AE2-4287-4A39-97AA-522B7F5EAFEF}.Release|iPhone.ActiveCfg = Release|Any CPU
		{E1DF8AE2-4287-4A39-97AA-522B7F5EAFEF}.Release|iPhone.Build.0 = Release|Any CPU
		{E1DF8AE2-4287-4A39-97AA-522B7F5EAFEF}.Release|iPhoneSimulator.ActiveCfg = Release|Any CPU
		{E1DF8AE2-4287-4A39-97AA-522B7F5EAFEF}.Release|iPhoneSimulator.Build.0 = Release|Any CPU
		{E1DF8AE2-4287-4A39-97AA-522B7F5EAFEF}.Release|x64.ActiveCfg = Release|Any CPU
		{E1DF8AE2-4287-4A39-97AA-522B7F5EAFEF}.Release|x64.Build.0 = Release|Any CPU
		{E1DF8AE2-4287-4A39-97AA-522B7F5EAFEF}.Release|x86.ActiveCfg = Release|Any CPU
		{E1DF8AE2-4287-4A39-97AA-522B7F5EAFEF}.Release|x86.Build.0 = Release|Any CPU
		{5DDA7FCB-2385-4BF4-A23D-28EC22FE35C6}.Ad-Hoc|Any CPU.ActiveCfg = Release|Any CPU
		{5DDA7FCB-2385-4BF4-A23D-28EC22FE35C6}.Ad-Hoc|Any CPU.Build.0 = Release|Any CPU
		{5DDA7FCB-2385-4BF4-A23D-28EC22FE35C6}.Ad-Hoc|Any CPU.Deploy.0 = Release|Any CPU
		{5DDA7FCB-2385-4BF4-A23D-28EC22FE35C6}.Ad-Hoc|ARM.ActiveCfg = Release|Any CPU
		{5DDA7FCB-2385-4BF4-A23D-28EC22FE35C6}.Ad-Hoc|ARM.Build.0 = Release|Any CPU
		{5DDA7FCB-2385-4BF4-A23D-28EC22FE35C6}.Ad-Hoc|ARM.Deploy.0 = Release|Any CPU
		{5DDA7FCB-2385-4BF4-A23D-28EC22FE35C6}.Ad-Hoc|iPhone.ActiveCfg = Release|Any CPU
		{5DDA7FCB-2385-4BF4-A23D-28EC22FE35C6}.Ad-Hoc|iPhone.Build.0 = Release|Any CPU
		{5DDA7FCB-2385-4BF4-A23D-28EC22FE35C6}.Ad-Hoc|iPhone.Deploy.0 = Release|Any CPU
		{5DDA7FCB-2385-4BF4-A23D-28EC22FE35C6}.Ad-Hoc|iPhoneSimulator.ActiveCfg = Release|Any CPU
		{5DDA7FCB-2385-4BF4-A23D-28EC22FE35C6}.Ad-Hoc|iPhoneSimulator.Build.0 = Release|Any CPU
		{5DDA7FCB-2385-4BF4-A23D-28EC22FE35C6}.Ad-Hoc|iPhoneSimulator.Deploy.0 = Release|Any CPU
		{5DDA7FCB-2385-4BF4-A23D-28EC22FE35C6}.Ad-Hoc|x64.ActiveCfg = Release|Any CPU
		{5DDA7FCB-2385-4BF4-A23D-28EC22FE35C6}.Ad-Hoc|x64.Build.0 = Release|Any CPU
		{5DDA7FCB-2385-4BF4-A23D-28EC22FE35C6}.Ad-Hoc|x64.Deploy.0 = Release|Any CPU
		{5DDA7FCB-2385-4BF4-A23D-28EC22FE35C6}.Ad-Hoc|x86.ActiveCfg = Release|Any CPU
		{5DDA7FCB-2385-4BF4-A23D-28EC22FE35C6}.Ad-Hoc|x86.Build.0 = Release|Any CPU
		{5DDA7FCB-2385-4BF4-A23D-28EC22FE35C6}.Ad-Hoc|x86.Deploy.0 = Release|Any CPU
		{5DDA7FCB-2385-4BF4-A23D-28EC22FE35C6}.AppStore|Any CPU.ActiveCfg = Release|Any CPU
		{5DDA7FCB-2385-4BF4-A23D-28EC22FE35C6}.AppStore|Any CPU.Build.0 = Release|Any CPU
		{5DDA7FCB-2385-4BF4-A23D-28EC22FE35C6}.AppStore|Any CPU.Deploy.0 = Release|Any CPU
		{5DDA7FCB-2385-4BF4-A23D-28EC22FE35C6}.AppStore|ARM.ActiveCfg = Release|Any CPU
		{5DDA7FCB-2385-4BF4-A23D-28EC22FE35C6}.AppStore|ARM.Build.0 = Release|Any CPU
		{5DDA7FCB-2385-4BF4-A23D-28EC22FE35C6}.AppStore|ARM.Deploy.0 = Release|Any CPU
		{5DDA7FCB-2385-4BF4-A23D-28EC22FE35C6}.AppStore|iPhone.ActiveCfg = Release|Any CPU
		{5DDA7FCB-2385-4BF4-A23D-28EC22FE35C6}.AppStore|iPhone.Build.0 = Release|Any CPU
		{5DDA7FCB-2385-4BF4-A23D-28EC22FE35C6}.AppStore|iPhone.Deploy.0 = Release|Any CPU
		{5DDA7FCB-2385-4BF4-A23D-28EC22FE35C6}.AppStore|iPhoneSimulator.ActiveCfg = Release|Any CPU
		{5DDA7FCB-2385-4BF4-A23D-28EC22FE35C6}.AppStore|iPhoneSimulator.Build.0 = Release|Any CPU
		{5DDA7FCB-2385-4BF4-A23D-28EC22FE35C6}.AppStore|iPhoneSimulator.Deploy.0 = Release|Any CPU
		{5DDA7FCB-2385-4BF4-A23D-28EC22FE35C6}.AppStore|x64.ActiveCfg = Release|Any CPU
		{5DDA7FCB-2385-4BF4-A23D-28EC22FE35C6}.AppStore|x64.Build.0 = Release|Any CPU
		{5DDA7FCB-2385-4BF4-A23D-28EC22FE35C6}.AppStore|x64.Deploy.0 = Release|Any CPU
		{5DDA7FCB-2385-4BF4-A23D-28EC22FE35C6}.AppStore|x86.ActiveCfg = Release|Any CPU
		{5DDA7FCB-2385-4BF4-A23D-28EC22FE35C6}.AppStore|x86.Build.0 = Release|Any CPU
		{5DDA7FCB-2385-4BF4-A23D-28EC22FE35C6}.AppStore|x86.Deploy.0 = Release|Any CPU
		{5DDA7FCB-2385-4BF4-A23D-28EC22FE35C6}.Debug|Any CPU.ActiveCfg = Debug|Any CPU
		{5DDA7FCB-2385-4BF4-A23D-28EC22FE35C6}.Debug|Any CPU.Build.0 = Debug|Any CPU
		{5DDA7FCB-2385-4BF4-A23D-28EC22FE35C6}.Debug|Any CPU.Deploy.0 = Debug|Any CPU
		{5DDA7FCB-2385-4BF4-A23D-28EC22FE35C6}.Debug|ARM.ActiveCfg = Debug|Any CPU
		{5DDA7FCB-2385-4BF4-A23D-28EC22FE35C6}.Debug|ARM.Build.0 = Debug|Any CPU
		{5DDA7FCB-2385-4BF4-A23D-28EC22FE35C6}.Debug|ARM.Deploy.0 = Debug|Any CPU
		{5DDA7FCB-2385-4BF4-A23D-28EC22FE35C6}.Debug|iPhone.ActiveCfg = Debug|Any CPU
		{5DDA7FCB-2385-4BF4-A23D-28EC22FE35C6}.Debug|iPhone.Build.0 = Debug|Any CPU
		{5DDA7FCB-2385-4BF4-A23D-28EC22FE35C6}.Debug|iPhone.Deploy.0 = Debug|Any CPU
		{5DDA7FCB-2385-4BF4-A23D-28EC22FE35C6}.Debug|iPhoneSimulator.ActiveCfg = Debug|Any CPU
		{5DDA7FCB-2385-4BF4-A23D-28EC22FE35C6}.Debug|iPhoneSimulator.Build.0 = Debug|Any CPU
		{5DDA7FCB-2385-4BF4-A23D-28EC22FE35C6}.Debug|iPhoneSimulator.Deploy.0 = Debug|Any CPU
		{5DDA7FCB-2385-4BF4-A23D-28EC22FE35C6}.Debug|x64.ActiveCfg = Debug|Any CPU
		{5DDA7FCB-2385-4BF4-A23D-28EC22FE35C6}.Debug|x64.Build.0 = Debug|Any CPU
		{5DDA7FCB-2385-4BF4-A23D-28EC22FE35C6}.Debug|x64.Deploy.0 = Debug|Any CPU
		{5DDA7FCB-2385-4BF4-A23D-28EC22FE35C6}.Debug|x86.ActiveCfg = Debug|Any CPU
		{5DDA7FCB-2385-4BF4-A23D-28EC22FE35C6}.Debug|x86.Build.0 = Debug|Any CPU
		{5DDA7FCB-2385-4BF4-A23D-28EC22FE35C6}.Debug|x86.Deploy.0 = Debug|Any CPU
		{5DDA7FCB-2385-4BF4-A23D-28EC22FE35C6}.Release|Any CPU.ActiveCfg = Release|Any CPU
		{5DDA7FCB-2385-4BF4-A23D-28EC22FE35C6}.Release|Any CPU.Build.0 = Release|Any CPU
		{5DDA7FCB-2385-4BF4-A23D-28EC22FE35C6}.Release|Any CPU.Deploy.0 = Release|Any CPU
		{5DDA7FCB-2385-4BF4-A23D-28EC22FE35C6}.Release|ARM.ActiveCfg = Release|Any CPU
		{5DDA7FCB-2385-4BF4-A23D-28EC22FE35C6}.Release|ARM.Build.0 = Release|Any CPU
		{5DDA7FCB-2385-4BF4-A23D-28EC22FE35C6}.Release|ARM.Deploy.0 = Release|Any CPU
		{5DDA7FCB-2385-4BF4-A23D-28EC22FE35C6}.Release|iPhone.ActiveCfg = Release|Any CPU
		{5DDA7FCB-2385-4BF4-A23D-28EC22FE35C6}.Release|iPhone.Build.0 = Release|Any CPU
		{5DDA7FCB-2385-4BF4-A23D-28EC22FE35C6}.Release|iPhone.Deploy.0 = Release|Any CPU
		{5DDA7FCB-2385-4BF4-A23D-28EC22FE35C6}.Release|iPhoneSimulator.ActiveCfg = Release|Any CPU
		{5DDA7FCB-2385-4BF4-A23D-28EC22FE35C6}.Release|iPhoneSimulator.Build.0 = Release|Any CPU
		{5DDA7FCB-2385-4BF4-A23D-28EC22FE35C6}.Release|iPhoneSimulator.Deploy.0 = Release|Any CPU
		{5DDA7FCB-2385-4BF4-A23D-28EC22FE35C6}.Release|x64.ActiveCfg = Release|Any CPU
		{5DDA7FCB-2385-4BF4-A23D-28EC22FE35C6}.Release|x64.Build.0 = Release|Any CPU
		{5DDA7FCB-2385-4BF4-A23D-28EC22FE35C6}.Release|x64.Deploy.0 = Release|Any CPU
		{5DDA7FCB-2385-4BF4-A23D-28EC22FE35C6}.Release|x86.ActiveCfg = Release|Any CPU
		{5DDA7FCB-2385-4BF4-A23D-28EC22FE35C6}.Release|x86.Build.0 = Release|Any CPU
		{5DDA7FCB-2385-4BF4-A23D-28EC22FE35C6}.Release|x86.Deploy.0 = Release|Any CPU
		{1D1A0681-72B1-477D-A409-04870605810A}.Ad-Hoc|Any CPU.ActiveCfg = Ad-Hoc|iPhone
		{1D1A0681-72B1-477D-A409-04870605810A}.Ad-Hoc|ARM.ActiveCfg = Ad-Hoc|iPhone
		{1D1A0681-72B1-477D-A409-04870605810A}.Ad-Hoc|iPhone.ActiveCfg = Ad-Hoc|iPhone
		{1D1A0681-72B1-477D-A409-04870605810A}.Ad-Hoc|iPhone.Build.0 = Ad-Hoc|iPhone
		{1D1A0681-72B1-477D-A409-04870605810A}.Ad-Hoc|iPhoneSimulator.ActiveCfg = Ad-Hoc|iPhoneSimulator
		{1D1A0681-72B1-477D-A409-04870605810A}.Ad-Hoc|iPhoneSimulator.Build.0 = Ad-Hoc|iPhoneSimulator
		{1D1A0681-72B1-477D-A409-04870605810A}.Ad-Hoc|x64.ActiveCfg = Ad-Hoc|iPhone
		{1D1A0681-72B1-477D-A409-04870605810A}.Ad-Hoc|x86.ActiveCfg = Ad-Hoc|iPhone
		{1D1A0681-72B1-477D-A409-04870605810A}.AppStore|Any CPU.ActiveCfg = AppStore|iPhone
		{1D1A0681-72B1-477D-A409-04870605810A}.AppStore|ARM.ActiveCfg = AppStore|iPhone
		{1D1A0681-72B1-477D-A409-04870605810A}.AppStore|iPhone.ActiveCfg = AppStore|iPhone
		{1D1A0681-72B1-477D-A409-04870605810A}.AppStore|iPhone.Build.0 = AppStore|iPhone
		{1D1A0681-72B1-477D-A409-04870605810A}.AppStore|iPhoneSimulator.ActiveCfg = AppStore|iPhoneSimulator
		{1D1A0681-72B1-477D-A409-04870605810A}.AppStore|iPhoneSimulator.Build.0 = AppStore|iPhoneSimulator
		{1D1A0681-72B1-477D-A409-04870605810A}.AppStore|x64.ActiveCfg = AppStore|iPhone
		{1D1A0681-72B1-477D-A409-04870605810A}.AppStore|x86.ActiveCfg = AppStore|iPhone
		{1D1A0681-72B1-477D-A409-04870605810A}.Debug|Any CPU.ActiveCfg = Debug|iPhone
		{1D1A0681-72B1-477D-A409-04870605810A}.Debug|ARM.ActiveCfg = Debug|iPhone
		{1D1A0681-72B1-477D-A409-04870605810A}.Debug|iPhone.ActiveCfg = Debug|iPhone
		{1D1A0681-72B1-477D-A409-04870605810A}.Debug|iPhone.Build.0 = Debug|iPhone
		{1D1A0681-72B1-477D-A409-04870605810A}.Debug|iPhoneSimulator.ActiveCfg = Debug|iPhoneSimulator
		{1D1A0681-72B1-477D-A409-04870605810A}.Debug|iPhoneSimulator.Build.0 = Debug|iPhoneSimulator
		{1D1A0681-72B1-477D-A409-04870605810A}.Debug|x64.ActiveCfg = Debug|iPhone
		{1D1A0681-72B1-477D-A409-04870605810A}.Debug|x86.ActiveCfg = Debug|iPhone
		{1D1A0681-72B1-477D-A409-04870605810A}.Release|Any CPU.ActiveCfg = Release|iPhone
		{1D1A0681-72B1-477D-A409-04870605810A}.Release|ARM.ActiveCfg = Release|iPhone
		{1D1A0681-72B1-477D-A409-04870605810A}.Release|iPhone.ActiveCfg = Release|iPhone
		{1D1A0681-72B1-477D-A409-04870605810A}.Release|iPhone.Build.0 = Release|iPhone
		{1D1A0681-72B1-477D-A409-04870605810A}.Release|iPhoneSimulator.ActiveCfg = Release|iPhoneSimulator
		{1D1A0681-72B1-477D-A409-04870605810A}.Release|iPhoneSimulator.Build.0 = Release|iPhoneSimulator
		{1D1A0681-72B1-477D-A409-04870605810A}.Release|x64.ActiveCfg = Release|iPhone
		{1D1A0681-72B1-477D-A409-04870605810A}.Release|x86.ActiveCfg = Release|iPhone
		{D019B73D-E994-4609-B489-C104E8C3F97C}.Ad-Hoc|Any CPU.ActiveCfg = Release|Any CPU
		{D019B73D-E994-4609-B489-C104E8C3F97C}.Ad-Hoc|Any CPU.Build.0 = Release|Any CPU
		{D019B73D-E994-4609-B489-C104E8C3F97C}.Ad-Hoc|Any CPU.Deploy.0 = Release|Any CPU
		{D019B73D-E994-4609-B489-C104E8C3F97C}.Ad-Hoc|ARM.ActiveCfg = Release|ARM
		{D019B73D-E994-4609-B489-C104E8C3F97C}.Ad-Hoc|ARM.Build.0 = Release|ARM
		{D019B73D-E994-4609-B489-C104E8C3F97C}.Ad-Hoc|ARM.Deploy.0 = Release|ARM
		{D019B73D-E994-4609-B489-C104E8C3F97C}.Ad-Hoc|iPhone.ActiveCfg = Release|Any CPU
		{D019B73D-E994-4609-B489-C104E8C3F97C}.Ad-Hoc|iPhone.Build.0 = Release|Any CPU
		{D019B73D-E994-4609-B489-C104E8C3F97C}.Ad-Hoc|iPhone.Deploy.0 = Release|Any CPU
		{D019B73D-E994-4609-B489-C104E8C3F97C}.Ad-Hoc|iPhoneSimulator.ActiveCfg = Release|Any CPU
		{D019B73D-E994-4609-B489-C104E8C3F97C}.Ad-Hoc|iPhoneSimulator.Build.0 = Release|Any CPU
		{D019B73D-E994-4609-B489-C104E8C3F97C}.Ad-Hoc|iPhoneSimulator.Deploy.0 = Release|Any CPU
		{D019B73D-E994-4609-B489-C104E8C3F97C}.Ad-Hoc|x64.ActiveCfg = Release|Any CPU
		{D019B73D-E994-4609-B489-C104E8C3F97C}.Ad-Hoc|x64.Build.0 = Release|Any CPU
		{D019B73D-E994-4609-B489-C104E8C3F97C}.Ad-Hoc|x64.Deploy.0 = Release|Any CPU
		{D019B73D-E994-4609-B489-C104E8C3F97C}.Ad-Hoc|x86.ActiveCfg = Release|x86
		{D019B73D-E994-4609-B489-C104E8C3F97C}.Ad-Hoc|x86.Build.0 = Release|x86
		{D019B73D-E994-4609-B489-C104E8C3F97C}.Ad-Hoc|x86.Deploy.0 = Release|x86
		{D019B73D-E994-4609-B489-C104E8C3F97C}.AppStore|Any CPU.ActiveCfg = Release|Any CPU
		{D019B73D-E994-4609-B489-C104E8C3F97C}.AppStore|Any CPU.Build.0 = Release|Any CPU
		{D019B73D-E994-4609-B489-C104E8C3F97C}.AppStore|Any CPU.Deploy.0 = Release|Any CPU
		{D019B73D-E994-4609-B489-C104E8C3F97C}.AppStore|ARM.ActiveCfg = Release|ARM
		{D019B73D-E994-4609-B489-C104E8C3F97C}.AppStore|ARM.Build.0 = Release|ARM
		{D019B73D-E994-4609-B489-C104E8C3F97C}.AppStore|ARM.Deploy.0 = Release|ARM
		{D019B73D-E994-4609-B489-C104E8C3F97C}.AppStore|iPhone.ActiveCfg = Release|Any CPU
		{D019B73D-E994-4609-B489-C104E8C3F97C}.AppStore|iPhone.Build.0 = Release|Any CPU
		{D019B73D-E994-4609-B489-C104E8C3F97C}.AppStore|iPhone.Deploy.0 = Release|Any CPU
		{D019B73D-E994-4609-B489-C104E8C3F97C}.AppStore|iPhoneSimulator.ActiveCfg = Release|Any CPU
		{D019B73D-E994-4609-B489-C104E8C3F97C}.AppStore|iPhoneSimulator.Build.0 = Release|Any CPU
		{D019B73D-E994-4609-B489-C104E8C3F97C}.AppStore|iPhoneSimulator.Deploy.0 = Release|Any CPU
		{D019B73D-E994-4609-B489-C104E8C3F97C}.AppStore|x64.ActiveCfg = Release|Any CPU
		{D019B73D-E994-4609-B489-C104E8C3F97C}.AppStore|x64.Build.0 = Release|Any CPU
		{D019B73D-E994-4609-B489-C104E8C3F97C}.AppStore|x64.Deploy.0 = Release|Any CPU
		{D019B73D-E994-4609-B489-C104E8C3F97C}.AppStore|x86.ActiveCfg = Release|x86
		{D019B73D-E994-4609-B489-C104E8C3F97C}.AppStore|x86.Build.0 = Release|x86
		{D019B73D-E994-4609-B489-C104E8C3F97C}.AppStore|x86.Deploy.0 = Release|x86
		{D019B73D-E994-4609-B489-C104E8C3F97C}.Debug|Any CPU.ActiveCfg = Debug|Any CPU
		{D019B73D-E994-4609-B489-C104E8C3F97C}.Debug|Any CPU.Build.0 = Debug|Any CPU
		{D019B73D-E994-4609-B489-C104E8C3F97C}.Debug|Any CPU.Deploy.0 = Debug|Any CPU
		{D019B73D-E994-4609-B489-C104E8C3F97C}.Debug|ARM.ActiveCfg = Debug|ARM
		{D019B73D-E994-4609-B489-C104E8C3F97C}.Debug|ARM.Build.0 = Debug|ARM
		{D019B73D-E994-4609-B489-C104E8C3F97C}.Debug|ARM.Deploy.0 = Debug|ARM
		{D019B73D-E994-4609-B489-C104E8C3F97C}.Debug|iPhone.ActiveCfg = Debug|Any CPU
		{D019B73D-E994-4609-B489-C104E8C3F97C}.Debug|iPhone.Build.0 = Debug|Any CPU
		{D019B73D-E994-4609-B489-C104E8C3F97C}.Debug|iPhone.Deploy.0 = Debug|Any CPU
		{D019B73D-E994-4609-B489-C104E8C3F97C}.Debug|iPhoneSimulator.ActiveCfg = Debug|Any CPU
		{D019B73D-E994-4609-B489-C104E8C3F97C}.Debug|iPhoneSimulator.Build.0 = Debug|Any CPU
		{D019B73D-E994-4609-B489-C104E8C3F97C}.Debug|iPhoneSimulator.Deploy.0 = Debug|Any CPU
		{D019B73D-E994-4609-B489-C104E8C3F97C}.Debug|x64.ActiveCfg = Debug|Any CPU
		{D019B73D-E994-4609-B489-C104E8C3F97C}.Debug|x64.Build.0 = Debug|Any CPU
		{D019B73D-E994-4609-B489-C104E8C3F97C}.Debug|x64.Deploy.0 = Debug|Any CPU
		{D019B73D-E994-4609-B489-C104E8C3F97C}.Debug|x86.ActiveCfg = Debug|x86
		{D019B73D-E994-4609-B489-C104E8C3F97C}.Debug|x86.Build.0 = Debug|x86
		{D019B73D-E994-4609-B489-C104E8C3F97C}.Debug|x86.Deploy.0 = Debug|x86
		{D019B73D-E994-4609-B489-C104E8C3F97C}.Release|Any CPU.ActiveCfg = Release|Any CPU
		{D019B73D-E994-4609-B489-C104E8C3F97C}.Release|Any CPU.Build.0 = Release|Any CPU
		{D019B73D-E994-4609-B489-C104E8C3F97C}.Release|Any CPU.Deploy.0 = Release|Any CPU
		{D019B73D-E994-4609-B489-C104E8C3F97C}.Release|ARM.ActiveCfg = Release|ARM
		{D019B73D-E994-4609-B489-C104E8C3F97C}.Release|ARM.Build.0 = Release|ARM
		{D019B73D-E994-4609-B489-C104E8C3F97C}.Release|ARM.Deploy.0 = Release|ARM
		{D019B73D-E994-4609-B489-C104E8C3F97C}.Release|iPhone.ActiveCfg = Release|Any CPU
		{D019B73D-E994-4609-B489-C104E8C3F97C}.Release|iPhone.Build.0 = Release|Any CPU
		{D019B73D-E994-4609-B489-C104E8C3F97C}.Release|iPhone.Deploy.0 = Release|Any CPU
		{D019B73D-E994-4609-B489-C104E8C3F97C}.Release|iPhoneSimulator.ActiveCfg = Release|Any CPU
		{D019B73D-E994-4609-B489-C104E8C3F97C}.Release|iPhoneSimulator.Build.0 = Release|Any CPU
		{D019B73D-E994-4609-B489-C104E8C3F97C}.Release|iPhoneSimulator.Deploy.0 = Release|Any CPU
		{D019B73D-E994-4609-B489-C104E8C3F97C}.Release|x64.ActiveCfg = Release|Any CPU
		{D019B73D-E994-4609-B489-C104E8C3F97C}.Release|x64.Build.0 = Release|Any CPU
		{D019B73D-E994-4609-B489-C104E8C3F97C}.Release|x64.Deploy.0 = Release|Any CPU
		{D019B73D-E994-4609-B489-C104E8C3F97C}.Release|x86.ActiveCfg = Release|x86
		{D019B73D-E994-4609-B489-C104E8C3F97C}.Release|x86.Build.0 = Release|x86
		{D019B73D-E994-4609-B489-C104E8C3F97C}.Release|x86.Deploy.0 = Release|x86
		{123C797F-33AF-49C5-BE69-C46C58BBAD63}.Ad-Hoc|Any CPU.ActiveCfg = Release|Any CPU
		{123C797F-33AF-49C5-BE69-C46C58BBAD63}.Ad-Hoc|Any CPU.Build.0 = Release|Any CPU
		{123C797F-33AF-49C5-BE69-C46C58BBAD63}.Ad-Hoc|Any CPU.Deploy.0 = Release|Any CPU
		{123C797F-33AF-49C5-BE69-C46C58BBAD63}.Ad-Hoc|ARM.ActiveCfg = Release|ARM
		{123C797F-33AF-49C5-BE69-C46C58BBAD63}.Ad-Hoc|ARM.Build.0 = Release|ARM
		{123C797F-33AF-49C5-BE69-C46C58BBAD63}.Ad-Hoc|ARM.Deploy.0 = Release|ARM
		{123C797F-33AF-49C5-BE69-C46C58BBAD63}.Ad-Hoc|iPhone.ActiveCfg = Release|Any CPU
		{123C797F-33AF-49C5-BE69-C46C58BBAD63}.Ad-Hoc|iPhone.Build.0 = Release|Any CPU
		{123C797F-33AF-49C5-BE69-C46C58BBAD63}.Ad-Hoc|iPhone.Deploy.0 = Release|Any CPU
		{123C797F-33AF-49C5-BE69-C46C58BBAD63}.Ad-Hoc|iPhoneSimulator.ActiveCfg = Release|Any CPU
		{123C797F-33AF-49C5-BE69-C46C58BBAD63}.Ad-Hoc|iPhoneSimulator.Build.0 = Release|Any CPU
		{123C797F-33AF-49C5-BE69-C46C58BBAD63}.Ad-Hoc|iPhoneSimulator.Deploy.0 = Release|Any CPU
		{123C797F-33AF-49C5-BE69-C46C58BBAD63}.Ad-Hoc|x64.ActiveCfg = Release|x64
		{123C797F-33AF-49C5-BE69-C46C58BBAD63}.Ad-Hoc|x64.Build.0 = Release|x64
		{123C797F-33AF-49C5-BE69-C46C58BBAD63}.Ad-Hoc|x64.Deploy.0 = Release|x64
		{123C797F-33AF-49C5-BE69-C46C58BBAD63}.Ad-Hoc|x86.ActiveCfg = Release|x86
		{123C797F-33AF-49C5-BE69-C46C58BBAD63}.Ad-Hoc|x86.Build.0 = Release|x86
		{123C797F-33AF-49C5-BE69-C46C58BBAD63}.Ad-Hoc|x86.Deploy.0 = Release|x86
		{123C797F-33AF-49C5-BE69-C46C58BBAD63}.AppStore|Any CPU.ActiveCfg = Release|Any CPU
		{123C797F-33AF-49C5-BE69-C46C58BBAD63}.AppStore|Any CPU.Build.0 = Release|Any CPU
		{123C797F-33AF-49C5-BE69-C46C58BBAD63}.AppStore|Any CPU.Deploy.0 = Release|Any CPU
		{123C797F-33AF-49C5-BE69-C46C58BBAD63}.AppStore|ARM.ActiveCfg = Release|ARM
		{123C797F-33AF-49C5-BE69-C46C58BBAD63}.AppStore|ARM.Build.0 = Release|ARM
		{123C797F-33AF-49C5-BE69-C46C58BBAD63}.AppStore|ARM.Deploy.0 = Release|ARM
		{123C797F-33AF-49C5-BE69-C46C58BBAD63}.AppStore|iPhone.ActiveCfg = Release|Any CPU
		{123C797F-33AF-49C5-BE69-C46C58BBAD63}.AppStore|iPhone.Build.0 = Release|Any CPU
		{123C797F-33AF-49C5-BE69-C46C58BBAD63}.AppStore|iPhone.Deploy.0 = Release|Any CPU
		{123C797F-33AF-49C5-BE69-C46C58BBAD63}.AppStore|iPhoneSimulator.ActiveCfg = Release|Any CPU
		{123C797F-33AF-49C5-BE69-C46C58BBAD63}.AppStore|iPhoneSimulator.Build.0 = Release|Any CPU
		{123C797F-33AF-49C5-BE69-C46C58BBAD63}.AppStore|iPhoneSimulator.Deploy.0 = Release|Any CPU
		{123C797F-33AF-49C5-BE69-C46C58BBAD63}.AppStore|x64.ActiveCfg = Release|x64
		{123C797F-33AF-49C5-BE69-C46C58BBAD63}.AppStore|x64.Build.0 = Release|x64
		{123C797F-33AF-49C5-BE69-C46C58BBAD63}.AppStore|x64.Deploy.0 = Release|x64
		{123C797F-33AF-49C5-BE69-C46C58BBAD63}.AppStore|x86.ActiveCfg = Release|x86
		{123C797F-33AF-49C5-BE69-C46C58BBAD63}.AppStore|x86.Build.0 = Release|x86
		{123C797F-33AF-49C5-BE69-C46C58BBAD63}.AppStore|x86.Deploy.0 = Release|x86
		{123C797F-33AF-49C5-BE69-C46C58BBAD63}.Debug|Any CPU.ActiveCfg = Debug|Any CPU
		{123C797F-33AF-49C5-BE69-C46C58BBAD63}.Debug|Any CPU.Build.0 = Debug|Any CPU
		{123C797F-33AF-49C5-BE69-C46C58BBAD63}.Debug|Any CPU.Deploy.0 = Debug|Any CPU
		{123C797F-33AF-49C5-BE69-C46C58BBAD63}.Debug|ARM.ActiveCfg = Debug|ARM
		{123C797F-33AF-49C5-BE69-C46C58BBAD63}.Debug|ARM.Build.0 = Debug|ARM
		{123C797F-33AF-49C5-BE69-C46C58BBAD63}.Debug|ARM.Deploy.0 = Debug|ARM
		{123C797F-33AF-49C5-BE69-C46C58BBAD63}.Debug|iPhone.ActiveCfg = Debug|Any CPU
		{123C797F-33AF-49C5-BE69-C46C58BBAD63}.Debug|iPhone.Build.0 = Debug|Any CPU
		{123C797F-33AF-49C5-BE69-C46C58BBAD63}.Debug|iPhone.Deploy.0 = Debug|Any CPU
		{123C797F-33AF-49C5-BE69-C46C58BBAD63}.Debug|iPhoneSimulator.ActiveCfg = Debug|Any CPU
		{123C797F-33AF-49C5-BE69-C46C58BBAD63}.Debug|iPhoneSimulator.Build.0 = Debug|Any CPU
		{123C797F-33AF-49C5-BE69-C46C58BBAD63}.Debug|iPhoneSimulator.Deploy.0 = Debug|Any CPU
		{123C797F-33AF-49C5-BE69-C46C58BBAD63}.Debug|x64.ActiveCfg = Debug|x64
		{123C797F-33AF-49C5-BE69-C46C58BBAD63}.Debug|x64.Build.0 = Debug|x64
		{123C797F-33AF-49C5-BE69-C46C58BBAD63}.Debug|x64.Deploy.0 = Debug|x64
		{123C797F-33AF-49C5-BE69-C46C58BBAD63}.Debug|x86.ActiveCfg = Debug|x86
		{123C797F-33AF-49C5-BE69-C46C58BBAD63}.Debug|x86.Build.0 = Debug|x86
		{123C797F-33AF-49C5-BE69-C46C58BBAD63}.Debug|x86.Deploy.0 = Debug|x86
		{123C797F-33AF-49C5-BE69-C46C58BBAD63}.Release|Any CPU.ActiveCfg = Release|Any CPU
		{123C797F-33AF-49C5-BE69-C46C58BBAD63}.Release|Any CPU.Build.0 = Release|Any CPU
		{123C797F-33AF-49C5-BE69-C46C58BBAD63}.Release|Any CPU.Deploy.0 = Release|Any CPU
		{123C797F-33AF-49C5-BE69-C46C58BBAD63}.Release|ARM.ActiveCfg = Release|ARM
		{123C797F-33AF-49C5-BE69-C46C58BBAD63}.Release|ARM.Build.0 = Release|ARM
		{123C797F-33AF-49C5-BE69-C46C58BBAD63}.Release|ARM.Deploy.0 = Release|ARM
		{123C797F-33AF-49C5-BE69-C46C58BBAD63}.Release|iPhone.ActiveCfg = Release|Any CPU
		{123C797F-33AF-49C5-BE69-C46C58BBAD63}.Release|iPhone.Build.0 = Release|Any CPU
		{123C797F-33AF-49C5-BE69-C46C58BBAD63}.Release|iPhone.Deploy.0 = Release|Any CPU
		{123C797F-33AF-49C5-BE69-C46C58BBAD63}.Release|iPhoneSimulator.ActiveCfg = Release|Any CPU
		{123C797F-33AF-49C5-BE69-C46C58BBAD63}.Release|iPhoneSimulator.Build.0 = Release|Any CPU
		{123C797F-33AF-49C5-BE69-C46C58BBAD63}.Release|iPhoneSimulator.Deploy.0 = Release|Any CPU
		{123C797F-33AF-49C5-BE69-C46C58BBAD63}.Release|x64.ActiveCfg = Release|x64
		{123C797F-33AF-49C5-BE69-C46C58BBAD63}.Release|x64.Build.0 = Release|x64
		{123C797F-33AF-49C5-BE69-C46C58BBAD63}.Release|x64.Deploy.0 = Release|x64
		{123C797F-33AF-49C5-BE69-C46C58BBAD63}.Release|x86.ActiveCfg = Release|x86
		{123C797F-33AF-49C5-BE69-C46C58BBAD63}.Release|x86.Build.0 = Release|x86
		{123C797F-33AF-49C5-BE69-C46C58BBAD63}.Release|x86.Deploy.0 = Release|x86
	EndGlobalSection
	GlobalSection(SolutionProperties) = preSolution
		HideSolutionNode = FALSE
	EndGlobalSection
EndGlobal
